// !$*UTF8*$!
{
	archiveVersion = 1;
	classes = {
	};
	objectVersion = 46;
	objects = {

/* Begin PBXBuildFile section */
		EBFF15761D523AB70092CC07 /* AppDelegate.swift in Sources */ = {isa = PBXBuildFile; fileRef = EBFF15751D523AB70092CC07 /* AppDelegate.swift */; };
		EBFF157D1D523AB80092CC07 /* Assets.xcassets in Resources */ = {isa = PBXBuildFile; fileRef = EBFF157C1D523AB80092CC07 /* Assets.xcassets */; };
		EBFF15801D523AB80092CC07 /* LaunchScreen.storyboard in Resources */ = {isa = PBXBuildFile; fileRef = EBFF157E1D523AB80092CC07 /* LaunchScreen.storyboard */; };
		EBFF15881D523AE60092CC07 /* SearchResultViewController.swift in Sources */ = {isa = PBXBuildFile; fileRef = EBFF15871D523AE60092CC07 /* SearchResultViewController.swift */; };
		EBFF158A1D523B180092CC07 /* DetailViewController.swift in Sources */ = {isa = PBXBuildFile; fileRef = EBFF15891D523B180092CC07 /* DetailViewController.swift */; };
		EBFF158C1D523B3C0092CC07 /* MasterViewController.swift in Sources */ = {isa = PBXBuildFile; fileRef = EBFF158B1D523B3C0092CC07 /* MasterViewController.swift */; };
/* End PBXBuildFile section */

/* Begin PBXFileReference section */
		EBFF15721D523AB70092CC07 /* SearchControllerSample.app */ = {isa = PBXFileReference; explicitFileType = wrapper.application; includeInIndex = 0; path = SearchControllerSample.app; sourceTree = BUILT_PRODUCTS_DIR; };
		EBFF15751D523AB70092CC07 /* AppDelegate.swift */ = {isa = PBXFileReference; lastKnownFileType = sourcecode.swift; path = AppDelegate.swift; sourceTree = "<group>"; };
		EBFF157C1D523AB80092CC07 /* Assets.xcassets */ = {isa = PBXFileReference; lastKnownFileType = folder.assetcatalog; path = Assets.xcassets; sourceTree = "<group>"; };
		EBFF157F1D523AB80092CC07 /* Base */ = {isa = PBXFileReference; lastKnownFileType = file.storyboard; name = Base; path = Base.lproj/LaunchScreen.storyboard; sourceTree = "<group>"; };
		EBFF15811D523AB80092CC07 /* Info.plist */ = {isa = PBXFileReference; lastKnownFileType = text.plist.xml; path = Info.plist; sourceTree = "<group>"; };
		EBFF15871D523AE60092CC07 /* SearchResultViewController.swift */ = {isa = PBXFileReference; fileEncoding = 4; lastKnownFileType = sourcecode.swift; path = SearchResultViewController.swift; sourceTree = "<group>"; };
		EBFF15891D523B180092CC07 /* DetailViewController.swift */ = {isa = PBXFileReference; fileEncoding = 4; lastKnownFileType = sourcecode.swift; path = DetailViewController.swift; sourceTree = "<group>"; };
		EBFF158B1D523B3C0092CC07 /* MasterViewController.swift */ = {isa = PBXFileReference; fileEncoding = 4; lastKnownFileType = sourcecode.swift; path = MasterViewController.swift; sourceTree = "<group>"; };
/* End PBXFileReference section */

/* Begin PBXFrameworksBuildPhase section */
		EBFF156F1D523AB70092CC07 /* Frameworks */ = {
			isa = PBXFrameworksBuildPhase;
			buildActionMask = 2147483647;
			files = (
			);
			runOnlyForDeploymentPostprocessing = 0;
		};
/* End PBXFrameworksBuildPhase section */

/* Begin PBXGroup section */
		EBFF15691D523AB70092CC07 = {
			isa = PBXGroup;
			children = (
				EBFF15741D523AB70092CC07 /* SearchControllerSample */,
				EBFF15731D523AB70092CC07 /* Products */,
			);
			sourceTree = "<group>";
		};
		EBFF15731D523AB70092CC07 /* Products */ = {
			isa = PBXGroup;
			children = (
				EBFF15721D523AB70092CC07 /* SearchControllerSample.app */,
			);
			name = Products;
			sourceTree = "<group>";
		};
		EBFF15741D523AB70092CC07 /* SearchControllerSample */ = {
			isa = PBXGroup;
			children = (
				EBFF15751D523AB70092CC07 /* AppDelegate.swift */,
				EBFF158B1D523B3C0092CC07 /* MasterViewController.swift */,
				EBFF15871D523AE60092CC07 /* SearchResultViewController.swift */,
				EBFF15891D523B180092CC07 /* DetailViewController.swift */,
				EBFF157C1D523AB80092CC07 /* Assets.xcassets */,
				EBFF157E1D523AB80092CC07 /* LaunchScreen.storyboard */,
				EBFF15811D523AB80092CC07 /* Info.plist */,
			);
			path = SearchControllerSample;
			sourceTree = "<group>";
		};
/* End PBXGroup section */

/* Begin PBXNativeTarget section */
		EBFF15711D523AB70092CC07 /* SearchControllerSample */ = {
			isa = PBXNativeTarget;
			buildConfigurationList = EBFF15841D523AB80092CC07 /* Build configuration list for PBXNativeTarget "SearchControllerSample" */;
			buildPhases = (
				EBFF156E1D523AB70092CC07 /* Sources */,
				EBFF156F1D523AB70092CC07 /* Frameworks */,
				EBFF15701D523AB70092CC07 /* Resources */,
			);
			buildRules = (
			);
			dependencies = (
			);
			name = SearchControllerSample;
			productName = SearchControllerSample;
			productReference = EBFF15721D523AB70092CC07 /* SearchControllerSample.app */;
			productType = "com.apple.product-type.application";
		};
/* End PBXNativeTarget section */

/* Begin PBXProject section */
		EBFF156A1D523AB70092CC07 /* Project object */ = {
			isa = PBXProject;
			attributes = {
				LastSwiftUpdateCheck = 0800;
				LastUpgradeCheck = 0800;
				ORGANIZATIONNAME = on0z;
				TargetAttributes = {
					EBFF15711D523AB70092CC07 = {
						CreatedOnToolsVersion = 8.0;
						DevelopmentTeam = MU7M8NU5KN;
						ProvisioningStyle = Automatic;
					};
				};
			};
			buildConfigurationList = EBFF156D1D523AB70092CC07 /* Build configuration list for PBXProject "SearchControllerSample" */;
			compatibilityVersion = "Xcode 3.2";
			developmentRegion = English;
			hasScannedForEncodings = 0;
			knownRegions = (
				en,
				Base,
			);
			mainGroup = EBFF15691D523AB70092CC07;
			productRefGroup = EBFF15731D523AB70092CC07 /* Products */;
			projectDirPath = "";
			projectRoot = "";
			targets = (
				EBFF15711D523AB70092CC07 /* SearchControllerSample */,
			);
		};
/* End PBXProject section */

/* Begin PBXResourcesBuildPhase section */
		EBFF15701D523AB70092CC07 /* Resources */ = {
			isa = PBXResourcesBuildPhase;
			buildActionMask = 2147483647;
			files = (
				EBFF15801D523AB80092CC07 /* LaunchScreen.storyboard in Resources */,
				EBFF157D1D523AB80092CC07 /* Assets.xcassets in Resources */,
			);
			runOnlyForDeploymentPostprocessing = 0;
		};
/* End PBXResourcesBuildPhase section */

/* Begin PBXSourcesBuildPhase section */
		EBFF156E1D523AB70092CC07 /* Sources */ = {
			isa = PBXSourcesBuildPhase;
			buildActionMask = 2147483647;
			files = (
				EBFF158C1D523B3C0092CC07 /* MasterViewController.swift in Sources */,
				EBFF15881D523AE60092CC07 /* SearchResultViewController.swift in Sources */,
				EBFF15761D523AB70092CC07 /* AppDelegate.swift in Sources */,
				EBFF158A1D523B180092CC07 /* DetailViewController.swift in Sources */,
			);
			runOnlyForDeploymentPostprocessing = 0;
		};
/* End PBXSourcesBuildPhase section */

/* Begin PBXVariantGroup section */
		EBFF157E1D523AB80092CC07 /* LaunchScreen.storyboard */ = {
			isa = PBXVariantGroup;
			children = (
				EBFF157F1D523AB80092CC07 /* Base */,
			);
			name = LaunchScreen.storyboard;
			sourceTree = "<group>";
		};
/* End PBXVariantGroup section */

/* Begin XCBuildConfiguration section */
		EBFF15821D523AB80092CC07 /* Debug */ = {
			isa = XCBuildConfiguration;
			buildSettings = {
				ALWAYS_SEARCH_USER_PATHS = NO;
				CLANG_ANALYZER_NONNULL = YES;
				CLANG_CXX_LANGUAGE_STANDARD = "gnu++0x";
				CLANG_CXX_LIBRARY = "libc++";
				CLANG_ENABLE_MODULES = YES;
				CLANG_ENABLE_OBJC_ARC = YES;
				CLANG_WARN_BOOL_CONVERSION = YES;
				CLANG_WARN_CONSTANT_CONVERSION = YES;
				CLANG_WARN_DIRECT_OBJC_ISA_USAGE = YES_ERROR;
				CLANG_WARN_DOCUMENTATION_COMMENTS = YES;
				CLANG_WARN_EMPTY_BODY = YES;
				CLANG_WARN_ENUM_CONVERSION = YES;
				CLANG_WARN_INFINITE_RECURSION = YES;
				CLANG_WARN_INT_CONVERSION = YES;
				CLANG_WARN_OBJC_ROOT_CLASS = YES_ERROR;
				CLANG_WARN_SUSPICIOUS_MOVES = YES;
				CLANG_WARN_UNREACHABLE_CODE = YES;
				CLANG_WARN__DUPLICATE_METHOD_MATCH = YES;
				"CODE_SIGN_IDENTITY[sdk=iphoneos*]" = "iPhone Developer";
				COPY_PHASE_STRIP = NO;
				DEBUG_INFORMATION_FORMAT = dwarf;
				ENABLE_STRICT_OBJC_MSGSEND = YES;
				ENABLE_TESTABILITY = YES;
				GCC_C_LANGUAGE_STANDARD = gnu99;
				GCC_DYNAMIC_NO_PIC = NO;
				GCC_NO_COMMON_BLOCKS = YES;
				GCC_OPTIMIZATION_LEVEL = 0;
				GCC_PREPROCESSOR_DEFINITIONS = (
					"DEBUG=1",
					"$(inherited)",
				);
				GCC_WARN_64_TO_32_BIT_CONVERSION = YES;
				GCC_WARN_ABOUT_RETURN_TYPE = YES_ERROR;
				GCC_WARN_UNDECLARED_SELECTOR = YES;
				GCC_WARN_UNINITIALIZED_AUTOS = YES_AGGRESSIVE;
				GCC_WARN_UNUSED_FUNCTION = YES;
				GCC_WARN_UNUSED_VARIABLE = YES;
				IPHONEOS_DEPLOYMENT_TARGET = 10.0;
				MTL_ENABLE_DEBUG_INFO = YES;
				ONLY_ACTIVE_ARCH = YES;
				SDKROOT = iphoneos;
				SWIFT_ACTIVE_COMPILATION_CONDITIONS = DEBUG;
				SWIFT_OPTIMIZATION_LEVEL = "-Onone";
				TARGETED_DEVICE_FAMILY = "1,2";
			};
			name = Debug;
		};
		EBFF15831D523AB80092CC07 /* Release */ = {
			isa = XCBuildConfiguration;
			buildSettings = {
				ALWAYS_SEARCH_USER_PATHS = NO;
				CLANG_ANALYZER_NONNULL = YES;
				CLANG_CXX_LANGUAGE_STANDARD = "gnu++0x";
				CLANG_CXX_LIBRARY = "libc++";
				CLANG_ENABLE_MODULES = YES;
				CLANG_ENABLE_OBJC_ARC = YES;
				CLANG_WARN_BOOL_CONVERSION = YES;
				CLANG_WARN_CONSTANT_CONVERSION = YES;
				CLANG_WARN_DIRECT_OBJC_ISA_USAGE = YES_ERROR;
				CLANG_WARN_DOCUMENTATION_COMMENTS = YES;
				CLANG_WARN_EMPTY_BODY = YES;
				CLANG_WARN_ENUM_CONVERSION = YES;
				CLANG_WARN_INFINITE_RECURSION = YES;
				CLANG_WARN_INT_CONVERSION = YES;
				CLANG_WARN_OBJC_ROOT_CLASS = YES_ERROR;
				CLANG_WARN_SUSPICIOUS_MOVES = YES;
				CLANG_WARN_UNREACHABLE_CODE = YES;
				CLANG_WARN__DUPLICATE_METHOD_MATCH = YES;
				"CODE_SIGN_IDENTITY[sdk=iphoneos*]" = "iPhone Developer";
				COPY_PHASE_STRIP = NO;
				DEBUG_INFORMATION_FORMAT = "dwarf-with-dsym";
				ENABLE_NS_ASSERTIONS = NO;
				ENABLE_STRICT_OBJC_MSGSEND = YES;
				GCC_C_LANGUAGE_STANDARD = gnu99;
				GCC_NO_COMMON_BLOCKS = YES;
				GCC_WARN_64_TO_32_BIT_CONVERSION = YES;
				GCC_WARN_ABOUT_RETURN_TYPE = YES_ERROR;
				GCC_WARN_UNDECLARED_SELECTOR = YES;
				GCC_WARN_UNINITIALIZED_AUTOS = YES_AGGRESSIVE;
				GCC_WARN_UNUSED_FUNCTION = YES;
				GCC_WARN_UNUSED_VARIABLE = YES;
				IPHONEOS_DEPLOYMENT_TARGET = 10.0;
				MTL_ENABLE_DEBUG_INFO = NO;
				SDKROOT = iphoneos;
				SWIFT_OPTIMIZATION_LEVEL = "-Owholemodule";
				TARGETED_DEVICE_FAMILY = "1,2";
				VALIDATE_PRODUCT = YES;
			};
			name = Release;
		};
		EBFF15851D523AB80092CC07 /* Debug */ = {
			isa = XCBuildConfiguration;
			buildSettings = {
				ASSETCATALOG_COMPILER_APPICON_NAME = AppIcon;
				DEVELOPMENT_TEAM = MU7M8NU5KN;
				INFOPLIST_FILE = SearchControllerSample/Info.plist;
				IPHONEOS_DEPLOYMENT_TARGET = 8.0;
				LD_RUNPATH_SEARCH_PATHS = "$(inherited) @executable_path/Frameworks";
				PRODUCT_BUNDLE_IDENTIFIER = com.sample.SearchControllerSample;
				PRODUCT_NAME = "$(TARGET_NAME)";
				SWIFT_VERSION = 3.0;
			};
			name = Debug;
		};
		EBFF15861D523AB80092CC07 /* Release */ = {
			isa = XCBuildConfiguration;
			buildSettings = {
				ASSETCATALOG_COMPILER_APPICON_NAME = AppIcon;
				DEVELOPMENT_TEAM = MU7M8NU5KN;
				INFOPLIST_FILE = SearchControllerSample/Info.plist;
				IPHONEOS_DEPLOYMENT_TARGET = 8.0;
				LD_RUNPATH_SEARCH_PATHS = "$(inherited) @executable_path/Frameworks";
				PRODUCT_BUNDLE_IDENTIFIER = com.sample.SearchControllerSample;
				PRODUCT_NAME = "$(TARGET_NAME)";
				SWIFT_VERSION = 3.0;
			};
			name = Release;
		};
/* End XCBuildConfiguration section */

/* Begin XCConfigurationList section */
		EBFF156D1D523AB70092CC07 /* Build configuration list for PBXProject "SearchControllerSample" */ = {
			isa = XCConfigurationList;
			buildConfigurations = (
				EBFF15821D523AB80092CC07 /* Debug */,
				EBFF15831D523AB80092CC07 /* Release */,
			);
			defaultConfigurationIsVisible = 0;
			defaultConfigurationName = Release;
		};
		EBFF15841D523AB80092CC07 /* Build configuration list for PBXNativeTarget "SearchControllerSample" */ = {
			isa = XCConfigurationList;
			buildConfigurations = (
				EBFF15851D523AB80092CC07 /* Debug */,
				EBFF15861D523AB80092CC07 /* Release */,
			);
			defaultConfigurationIsVisible = 0;
			defaultConfigurationName = Release;
		};
/* End XCConfigurationList section */
	};
	rootObject = EBFF156A1D523AB70092CC07 /* Project object */;
}
